// !$*UTF8*$!
{
	archiveVersion = 1;
	classes = {
	};
	objectVersion = 50;
	objects = {

/* Begin PBXBuildFile section */
		0FBE49FF24383108006C1B08 /* AppDelegate.m in Sources */ = {isa = PBXBuildFile; fileRef = 0FBE49FE24383108006C1B08 /* AppDelegate.m */; };
		0FBE4A0224383108006C1B08 /* SceneDelegate.m in Sources */ = {isa = PBXBuildFile; fileRef = 0FBE4A0124383108006C1B08 /* SceneDelegate.m */; };
		0FBE4A0524383108006C1B08 /* ViewController.m in Sources */ = {isa = PBXBuildFile; fileRef = 0FBE4A0424383108006C1B08 /* ViewController.m */; };
		0FBE4A0824383108006C1B08 /* Main.storyboard in Resources */ = {isa = PBXBuildFile; fileRef = 0FBE4A0624383108006C1B08 /* Main.storyboard */; };
		0FBE4A0A24383109006C1B08 /* Assets.xcassets in Resources */ = {isa = PBXBuildFile; fileRef = 0FBE4A0924383109006C1B08 /* Assets.xcassets */; };
		0FBE4A0D24383109006C1B08 /* LaunchScreen.storyboard in Resources */ = {isa = PBXBuildFile; fileRef = 0FBE4A0B24383109006C1B08 /* LaunchScreen.storyboard */; };
		0FBE4A1024383109006C1B08 /* main.m in Sources */ = {isa = PBXBuildFile; fileRef = 0FBE4A0F24383109006C1B08 /* main.m */; };
		0FBE4A1A24383109006C1B08 /* ZHExampleTests.m in Sources */ = {isa = PBXBuildFile; fileRef = 0FBE4A1924383109006C1B08 /* ZHExampleTests.m */; };
		0FBE4A2524383109006C1B08 /* ZHExampleUITests.m in Sources */ = {isa = PBXBuildFile; fileRef = 0FBE4A2424383109006C1B08 /* ZHExampleUITests.m */; };
/* End PBXBuildFile section */

/* Begin PBXContainerItemProxy section */
		0FBE4A1624383109006C1B08 /* PBXContainerItemProxy */ = {
			isa = PBXContainerItemProxy;
			containerPortal = 0FBE49F224383108006C1B08 /* Project object */;
			proxyType = 1;
			remoteGlobalIDString = 0FBE49F924383108006C1B08;
			remoteInfo = ZHExample;
		};
		0FBE4A2124383109006C1B08 /* PBXContainerItemProxy */ = {
			isa = PBXContainerItemProxy;
			containerPortal = 0FBE49F224383108006C1B08 /* Project object */;
			proxyType = 1;
			remoteGlobalIDString = 0FBE49F924383108006C1B08;
			remoteInfo = ZHExample;
		};
/* End PBXContainerItemProxy section */

/* Begin PBXFileReference section */
		0FBE49FA24383108006C1B08 /* ZHExample.app */ = {isa = PBXFileReference; explicitFileType = wrapper.application; includeInIndex = 0; path = ZHExample.app; sourceTree = BUILT_PRODUCTS_DIR; };
		0FBE49FD24383108006C1B08 /* AppDelegate.h */ = {isa = PBXFileReference; lastKnownFileType = sourcecode.c.h; path = AppDelegate.h; sourceTree = "<group>"; };
		0FBE49FE24383108006C1B08 /* AppDelegate.m */ = {isa = PBXFileReference; lastKnownFileType = sourcecode.c.objc; path = AppDelegate.m; sourceTree = "<group>"; };
		0FBE4A0024383108006C1B08 /* SceneDelegate.h */ = {isa = PBXFileReference; lastKnownFileType = sourcecode.c.h; path = SceneDelegate.h; sourceTree = "<group>"; };
		0FBE4A0124383108006C1B08 /* SceneDelegate.m */ = {isa = PBXFileReference; lastKnownFileType = sourcecode.c.objc; path = SceneDelegate.m; sourceTree = "<group>"; };
		0FBE4A0324383108006C1B08 /* ViewController.h */ = {isa = PBXFileReference; lastKnownFileType = sourcecode.c.h; path = ViewController.h; sourceTree = "<group>"; };
		0FBE4A0424383108006C1B08 /* ViewController.m */ = {isa = PBXFileReference; lastKnownFileType = sourcecode.c.objc; path = ViewController.m; sourceTree = "<group>"; };
		0FBE4A0724383108006C1B08 /* Base */ = {isa = PBXFileReference; lastKnownFileType = file.storyboard; name = Base; path = Base.lproj/Main.storyboard; sourceTree = "<group>"; };
		0FBE4A0924383109006C1B08 /* Assets.xcassets */ = {isa = PBXFileReference; lastKnownFileType = folder.assetcatalog; path = Assets.xcassets; sourceTree = "<group>"; };
		0FBE4A0C24383109006C1B08 /* Base */ = {isa = PBXFileReference; lastKnownFileType = file.storyboard; name = Base; path = Base.lproj/LaunchScreen.storyboard; sourceTree = "<group>"; };
		0FBE4A0E24383109006C1B08 /* Info.plist */ = {isa = PBXFileReference; lastKnownFileType = text.plist.xml; path = Info.plist; sourceTree = "<group>"; };
		0FBE4A0F24383109006C1B08 /* main.m */ = {isa = PBXFileReference; lastKnownFileType = sourcecode.c.objc; path = main.m; sourceTree = "<group>"; };
		0FBE4A1524383109006C1B08 /* ZHExampleTests.xctest */ = {isa = PBXFileReference; explicitFileType = wrapper.cfbundle; includeInIndex = 0; path = ZHExampleTests.xctest; sourceTree = BUILT_PRODUCTS_DIR; };
		0FBE4A1924383109006C1B08 /* ZHExampleTests.m */ = {isa = PBXFileReference; lastKnownFileType = sourcecode.c.objc; path = ZHExampleTests.m; sourceTree = "<group>"; };
		0FBE4A1B24383109006C1B08 /* Info.plist */ = {isa = PBXFileReference; lastKnownFileType = text.plist.xml; path = Info.plist; sourceTree = "<group>"; };
		0FBE4A2024383109006C1B08 /* ZHExampleUITests.xctest */ = {isa = PBXFileReference; explicitFileType = wrapper.cfbundle; includeInIndex = 0; path = ZHExampleUITests.xctest; sourceTree = BUILT_PRODUCTS_DIR; };
		0FBE4A2424383109006C1B08 /* ZHExampleUITests.m */ = {isa = PBXFileReference; lastKnownFileType = sourcecode.c.objc; path = ZHExampleUITests.m; sourceTree = "<group>"; };
		0FBE4A2624383109006C1B08 /* Info.plist */ = {isa = PBXFileReference; lastKnownFileType = text.plist.xml; path = Info.plist; sourceTree = "<group>"; };
/* End PBXFileReference section */

/* Begin PBXFrameworksBuildPhase section */
		0FBE49F724383108006C1B08 /* Frameworks */ = {
			isa = PBXFrameworksBuildPhase;
			buildActionMask = 2147483647;
			files = (
			);
			runOnlyForDeploymentPostprocessing = 0;
		};
		0FBE4A1224383109006C1B08 /* Frameworks */ = {
			isa = PBXFrameworksBuildPhase;
			buildActionMask = 2147483647;
			files = (
			);
			runOnlyForDeploymentPostprocessing = 0;
		};
		0FBE4A1D24383109006C1B08 /* Frameworks */ = {
			isa = PBXFrameworksBuildPhase;
			buildActionMask = 2147483647;
			files = (
			);
			runOnlyForDeploymentPostprocessing = 0;
		};
/* End PBXFrameworksBuildPhase section */

/* Begin PBXGroup section */
		0FBE49F124383108006C1B08 = {
			isa = PBXGroup;
			children = (
				0FBE49FC24383108006C1B08 /* ZHExample */,
				0FBE4A1824383109006C1B08 /* ZHExampleTests */,
				0FBE4A2324383109006C1B08 /* ZHExampleUITests */,
				0FBE49FB24383108006C1B08 /* Products */,
			);
			sourceTree = "<group>";
		};
		0FBE49FB24383108006C1B08 /* Products */ = {
			isa = PBXGroup;
			children = (
				0FBE49FA24383108006C1B08 /* ZHExample.app */,
				0FBE4A1524383109006C1B08 /* ZHExampleTests.xctest */,
				0FBE4A2024383109006C1B08 /* ZHExampleUITests.xctest */,
			);
			name = Products;
			sourceTree = "<group>";
		};
		0FBE49FC24383108006C1B08 /* ZHExample */ = {
			isa = PBXGroup;
			children = (
				0FBE49FD24383108006C1B08 /* AppDelegate.h */,
				0FBE49FE24383108006C1B08 /* AppDelegate.m */,
				0FBE4A0024383108006C1B08 /* SceneDelegate.h */,
				0FBE4A0124383108006C1B08 /* SceneDelegate.m */,
				0FBE4A0324383108006C1B08 /* ViewController.h */,
				0FBE4A0424383108006C1B08 /* ViewController.m */,
				0FBE4A322438350E006C1B08 /* Event&Reponse-Chain */,
				0FBE4A0624383108006C1B08 /* Main.storyboard */,
				0FBE4A0924383109006C1B08 /* Assets.xcassets */,
				0FBE4A0B24383109006C1B08 /* LaunchScreen.storyboard */,
				0FBE4A0E24383109006C1B08 /* Info.plist */,
				0FBE4A0F24383109006C1B08 /* main.m */,
			);
			path = ZHExample;
			sourceTree = "<group>";
		};
		0FBE4A1824383109006C1B08 /* ZHExampleTests */ = {
			isa = PBXGroup;
			children = (
				0FBE4A1924383109006C1B08 /* ZHExampleTests.m */,
				0FBE4A1B24383109006C1B08 /* Info.plist */,
			);
			path = ZHExampleTests;
			sourceTree = "<group>";
		};
		0FBE4A2324383109006C1B08 /* ZHExampleUITests */ = {
			isa = PBXGroup;
			children = (
				0FBE4A2424383109006C1B08 /* ZHExampleUITests.m */,
				0FBE4A2624383109006C1B08 /* Info.plist */,
			);
			path = ZHExampleUITests;
			sourceTree = "<group>";
		};
		0FBE4A322438350E006C1B08 /* Event&Reponse-Chain */ = {
			isa = PBXGroup;
			children = (
			);
			path = "Event&Reponse-Chain";
			sourceTree = "<group>";
		};
/* End PBXGroup section */

/* Begin PBXNativeTarget section */
		0FBE49F924383108006C1B08 /* ZHExample */ = {
			isa = PBXNativeTarget;
			buildConfigurationList = 0FBE4A2924383109006C1B08 /* Build configuration list for PBXNativeTarget "ZHExample" */;
			buildPhases = (
				0FBE49F624383108006C1B08 /* Sources */,
				0FBE49F724383108006C1B08 /* Frameworks */,
				0FBE49F824383108006C1B08 /* Resources */,
			);
			buildRules = (
			);
			dependencies = (
			);
			name = ZHExample;
			productName = ZHExample;
			productReference = 0FBE49FA24383108006C1B08 /* ZHExample.app */;
			productType = "com.apple.product-type.application";
		};
		0FBE4A1424383109006C1B08 /* ZHExampleTests */ = {
			isa = PBXNativeTarget;
			buildConfigurationList = 0FBE4A2C24383109006C1B08 /* Build configuration list for PBXNativeTarget "ZHExampleTests" */;
			buildPhases = (
				0FBE4A1124383109006C1B08 /* Sources */,
				0FBE4A1224383109006C1B08 /* Frameworks */,
				0FBE4A1324383109006C1B08 /* Resources */,
			);
			buildRules = (
			);
			dependencies = (
				0FBE4A1724383109006C1B08 /* PBXTargetDependency */,
			);
			name = ZHExampleTests;
			productName = ZHExampleTests;
			productReference = 0FBE4A1524383109006C1B08 /* ZHExampleTests.xctest */;
			productType = "com.apple.product-type.bundle.unit-test";
		};
		0FBE4A1F24383109006C1B08 /* ZHExampleUITests */ = {
			isa = PBXNativeTarget;
			buildConfigurationList = 0FBE4A2F24383109006C1B08 /* Build configuration list for PBXNativeTarget "ZHExampleUITests" */;
			buildPhases = (
				0FBE4A1C24383109006C1B08 /* Sources */,
				0FBE4A1D24383109006C1B08 /* Frameworks */,
				0FBE4A1E24383109006C1B08 /* Resources */,
			);
			buildRules = (
			);
			dependencies = (
				0FBE4A2224383109006C1B08 /* PBXTargetDependency */,
			);
			name = ZHExampleUITests;
			productName = ZHExampleUITests;
			productReference = 0FBE4A2024383109006C1B08 /* ZHExampleUITests.xctest */;
			productType = "com.apple.product-type.bundle.ui-testing";
		};
/* End PBXNativeTarget section */

/* Begin PBXProject section */
		0FBE49F224383108006C1B08 /* Project object */ = {
			isa = PBXProject;
			attributes = {
				LastUpgradeCheck = 1120;
				ORGANIZATIONNAME = Zheng;
				TargetAttributes = {
					0FBE49F924383108006C1B08 = {
						CreatedOnToolsVersion = 11.2;
					};
					0FBE4A1424383109006C1B08 = {
						CreatedOnToolsVersion = 11.2;
						TestTargetID = 0FBE49F924383108006C1B08;
					};
					0FBE4A1F24383109006C1B08 = {
						CreatedOnToolsVersion = 11.2;
						TestTargetID = 0FBE49F924383108006C1B08;
					};
				};
			};
			buildConfigurationList = 0FBE49F524383108006C1B08 /* Build configuration list for PBXProject "ZHExample" */;
			compatibilityVersion = "Xcode 9.3";
			developmentRegion = en;
			hasScannedForEncodings = 0;
			knownRegions = (
				en,
				Base,
			);
			mainGroup = 0FBE49F124383108006C1B08;
			productRefGroup = 0FBE49FB24383108006C1B08 /* Products */;
			projectDirPath = "";
			projectRoot = "";
			targets = (
				0FBE49F924383108006C1B08 /* ZHExample */,
				0FBE4A1424383109006C1B08 /* ZHExampleTests */,
				0FBE4A1F24383109006C1B08 /* ZHExampleUITests */,
			);
		};
/* End PBXProject section */

/* Begin PBXResourcesBuildPhase section */
		0FBE49F824383108006C1B08 /* Resources */ = {
			isa = PBXResourcesBuildPhase;
			buildActionMask = 2147483647;
			files = (
				0FBE4A0D24383109006C1B08 /* LaunchScreen.storyboard in Resources */,
				0FBE4A0A24383109006C1B08 /* Assets.xcassets in Resources */,
				0FBE4A0824383108006C1B08 /* Main.storyboard in Resources */,
			);
			runOnlyForDeploymentPostprocessing = 0;
		};
		0FBE4A1324383109006C1B08 /* Resources */ = {
			isa = PBXResourcesBuildPhase;
			buildActionMask = 2147483647;
			files = (
			);
			runOnlyForDeploymentPostprocessing = 0;
		};
		0FBE4A1E24383109006C1B08 /* Resources */ = {
			isa = PBXResourcesBuildPhase;
			buildActionMask = 2147483647;
			files = (
			);
			runOnlyForDeploymentPostprocessing = 0;
		};
/* End PBXResourcesBuildPhase section */

/* Begin PBXSourcesBuildPhase section */
		0FBE49F624383108006C1B08 /* Sources */ = {
			isa = PBXSourcesBuildPhase;
			buildActionMask = 2147483647;
			files = (
				0FBE4A0524383108006C1B08 /* ViewController.m in Sources */,
				0FBE49FF24383108006C1B08 /* AppDelegate.m in Sources */,
				0FBE4A1024383109006C1B08 /* main.m in Sources */,
				0FBE4A0224383108006C1B08 /* SceneDelegate.m in Sources */,
			);
			runOnlyForDeploymentPostprocessing = 0;
		};
		0FBE4A1124383109006C1B08 /* Sources */ = {
			isa = PBXSourcesBuildPhase;
			buildActionMask = 2147483647;
			files = (
				0FBE4A1A24383109006C1B08 /* ZHExampleTests.m in Sources */,
			);
			runOnlyForDeploymentPostprocessing = 0;
		};
		0FBE4A1C24383109006C1B08 /* Sources */ = {
			isa = PBXSourcesBuildPhase;
			buildActionMask = 2147483647;
			files = (
				0FBE4A2524383109006C1B08 /* ZHExampleUITests.m in Sources */,
			);
			runOnlyForDeploymentPostprocessing = 0;
		};
/* End PBXSourcesBuildPhase section */

/* Begin PBXTargetDependency section */
		0FBE4A1724383109006C1B08 /* PBXTargetDependency */ = {
			isa = PBXTargetDependency;
			target = 0FBE49F924383108006C1B08 /* ZHExample */;
			targetProxy = 0FBE4A1624383109006C1B08 /* PBXContainerItemProxy */;
		};
		0FBE4A2224383109006C1B08 /* PBXTargetDependency */ = {
			isa = PBXTargetDependency;
			target = 0FBE49F924383108006C1B08 /* ZHExample */;
			targetProxy = 0FBE4A2124383109006C1B08 /* PBXContainerItemProxy */;
		};
/* End PBXTargetDependency section */

/* Begin PBXVariantGroup section */
		0FBE4A0624383108006C1B08 /* Main.storyboard */ = {
			isa = PBXVariantGroup;
			children = (
				0FBE4A0724383108006C1B08 /* Base */,
			);
			name = Main.storyboard;
			sourceTree = "<group>";
		};
		0FBE4A0B24383109006C1B08 /* LaunchScreen.storyboard */ = {
			isa = PBXVariantGroup;
			children = (
				0FBE4A0C24383109006C1B08 /* Base */,
			);
			name = LaunchScreen.storyboard;
			sourceTree = "<group>";
		};
/* End PBXVariantGroup section */

/* Begin XCBuildConfiguration section */
		0FBE4A2724383109006C1B08 /* Debug */ = {
			isa = XCBuildConfiguration;
			buildSettings = {
				ALWAYS_SEARCH_USER_PATHS = NO;
				CLANG_ANALYZER_NONNULL = YES;
				CLANG_ANALYZER_NUMBER_OBJECT_CONVERSION = YES_AGGRESSIVE;
				CLANG_CXX_LANGUAGE_STANDARD = "gnu++14";
				CLANG_CXX_LIBRARY = "libc++";
				CLANG_ENABLE_MODULES = YES;
				CLANG_ENABLE_OBJC_ARC = YES;
				CLANG_ENABLE_OBJC_WEAK = YES;
				CLANG_WARN_BLOCK_CAPTURE_AUTORELEASING = YES;
				CLANG_WARN_BOOL_CONVERSION = YES;
				CLANG_WARN_COMMA = YES;
				CLANG_WARN_CONSTANT_CONVERSION = YES;
				CLANG_WARN_DEPRECATED_OBJC_IMPLEMENTATIONS = YES;
				CLANG_WARN_DIRECT_OBJC_ISA_USAGE = YES_ERROR;
				CLANG_WARN_DOCUMENTATION_COMMENTS = YES;
				CLANG_WARN_EMPTY_BODY = YES;
				CLANG_WARN_ENUM_CONVERSION = YES;
				CLANG_WARN_INFINITE_RECURSION = YES;
				CLANG_WARN_INT_CONVERSION = YES;
				CLANG_WARN_NON_LITERAL_NULL_CONVERSION = YES;
				CLANG_WARN_OBJC_IMPLICIT_RETAIN_SELF = YES;
				CLANG_WARN_OBJC_LITERAL_CONVERSION = YES;
				CLANG_WARN_OBJC_ROOT_CLASS = YES_ERROR;
				CLANG_WARN_RANGE_LOOP_ANALYSIS = YES;
				CLANG_WARN_STRICT_PROTOTYPES = YES;
				CLANG_WARN_SUSPICIOUS_MOVE = YES;
				CLANG_WARN_UNGUARDED_AVAILABILITY = YES_AGGRESSIVE;
				CLANG_WARN_UNREACHABLE_CODE = YES;
				CLANG_WARN__DUPLICATE_METHOD_MATCH = YES;
				COPY_PHASE_STRIP = NO;
				DEBUG_INFORMATION_FORMAT = dwarf;
				ENABLE_STRICT_OBJC_MSGSEND = YES;
				ENABLE_TESTABILITY = YES;
				GCC_C_LANGUAGE_STANDARD = gnu11;
				GCC_DYNAMIC_NO_PIC = NO;
				GCC_NO_COMMON_BLOCKS = YES;
				GCC_OPTIMIZATION_LEVEL = 0;
				GCC_PREPROCESSOR_DEFINITIONS = (
					"DEBUG=1",
					"$(inherited)",
				);
				GCC_WARN_64_TO_32_BIT_CONVERSION = YES;
				GCC_WARN_ABOUT_RETURN_TYPE = YES_ERROR;
				GCC_WARN_UNDECLARED_SELECTOR = YES;
				GCC_WARN_UNINITIALIZED_AUTOS = YES_AGGRESSIVE;
				GCC_WARN_UNUSED_FUNCTION = YES;
				GCC_WARN_UNUSED_VARIABLE = YES;
				IPHONEOS_DEPLOYMENT_TARGET = 13.2;
				MTL_ENABLE_DEBUG_INFO = INCLUDE_SOURCE;
				MTL_FAST_MATH = YES;
				ONLY_ACTIVE_ARCH = YES;
				SDKROOT = iphoneos;
			};
			name = Debug;
		};
		0FBE4A2824383109006C1B08 /* Release */ = {
			isa = XCBuildConfiguration;
			buildSettings = {
				ALWAYS_SEARCH_USER_PATHS = NO;
				CLANG_ANALYZER_NONNULL = YES;
				CLANG_ANALYZER_NUMBER_OBJECT_CONVERSION = YES_AGGRESSIVE;
				CLANG_CXX_LANGUAGE_STANDARD = "gnu++14";
				CLANG_CXX_LIBRARY = "libc++";
				CLANG_ENABLE_MODULES = YES;
				CLANG_ENABLE_OBJC_ARC = YES;
				CLANG_ENABLE_OBJC_WEAK = YES;
				CLANG_WARN_BLOCK_CAPTURE_AUTORELEASING = YES;
				CLANG_WARN_BOOL_CONVERSION = YES;
				CLANG_WARN_COMMA = YES;
				CLANG_WARN_CONSTANT_CONVERSION = YES;
				CLANG_WARN_DEPRECATED_OBJC_IMPLEMENTATIONS = YES;
				CLANG_WARN_DIRECT_OBJC_ISA_USAGE = YES_ERROR;
				CLANG_WARN_DOCUMENTATION_COMMENTS = YES;
				CLANG_WARN_EMPTY_BODY = YES;
				CLANG_WARN_ENUM_CONVERSION = YES;
				CLANG_WARN_INFINITE_RECURSION = YES;
				CLANG_WARN_INT_CONVERSION = YES;
				CLANG_WARN_NON_LITERAL_NULL_CONVERSION = YES;
				CLANG_WARN_OBJC_IMPLICIT_RETAIN_SELF = YES;
				CLANG_WARN_OBJC_LITERAL_CONVERSION = YES;
				CLANG_WARN_OBJC_ROOT_CLASS = YES_ERROR;
				CLANG_WARN_RANGE_LOOP_ANALYSIS = YES;
				CLANG_WARN_STRICT_PROTOTYPES = YES;
				CLANG_WARN_SUSPICIOUS_MOVE = YES;
				CLANG_WARN_UNGUARDED_AVAILABILITY = YES_AGGRESSIVE;
				CLANG_WARN_UNREACHABLE_CODE = YES;
				CLANG_WARN__DUPLICATE_METHOD_MATCH = YES;
				COPY_PHASE_STRIP = NO;
				DEBUG_INFORMATION_FORMAT = "dwarf-with-dsym";
				ENABLE_NS_ASSERTIONS = NO;
				ENABLE_STRICT_OBJC_MSGSEND = YES;
				GCC_C_LANGUAGE_STANDARD = gnu11;
				GCC_NO_COMMON_BLOCKS = YES;
				GCC_WARN_64_TO_32_BIT_CONVERSION = YES;
				GCC_WARN_ABOUT_RETURN_TYPE = YES_ERROR;
				GCC_WARN_UNDECLARED_SELECTOR = YES;
				GCC_WARN_UNINITIALIZED_AUTOS = YES_AGGRESSIVE;
				GCC_WARN_UNUSED_FUNCTION = YES;
				GCC_WARN_UNUSED_VARIABLE = YES;
				IPHONEOS_DEPLOYMENT_TARGET = 13.2;
				MTL_ENABLE_DEBUG_INFO = NO;
				MTL_FAST_MATH = YES;
				SDKROOT = iphoneos;
				VALIDATE_PRODUCT = YES;
			};
			name = Release;
		};
		0FBE4A2A24383109006C1B08 /* Debug */ = {
			isa = XCBuildConfiguration;
			buildSettings = {
				ASSETCATALOG_COMPILER_APPICON_NAME = AppIcon;
				CODE_SIGN_STYLE = Automatic;
				INFOPLIST_FILE = ZHExample/Info.plist;
				IPHONEOS_DEPLOYMENT_TARGET = 10.0;
				LD_RUNPATH_SEARCH_PATHS = (
					"$(inherited)",
					"@executable_path/Frameworks",
				);
				PRODUCT_BUNDLE_IDENTIFIER = Zheng.ZHExample;
				PRODUCT_NAME = "$(TARGET_NAME)";
				TARGETED_DEVICE_FAMILY = "1,2";
			};
			name = Debug;
		};
		0FBE4A2B24383109006C1B08 /* Release */ = {
			isa = XCBuildConfiguration;
			buildSettings = {
				ASSETCATALOG_COMPILER_APPICON_NAME = AppIcon;
				CODE_SIGN_STYLE = Automatic;
				INFOPLIST_FILE = ZHExample/Info.plist;
				IPHONEOS_DEPLOYMENT_TARGET = 10.0;
				LD_RUNPATH_SEARCH_PATHS = (
					"$(inherited)",
					"@executable_path/Frameworks",
				);
				PRODUCT_BUNDLE_IDENTIFIER = Zheng.ZHExample;
				PRODUCT_NAME = "$(TARGET_NAME)";
				TARGETED_DEVICE_FAMILY = "1,2";
			};
			name = Release;
		};
		0FBE4A2D24383109006C1B08 /* Debug */ = {
			isa = XCBuildConfiguration;
			buildSettings = {
				BUNDLE_LOADER = "$(TEST_HOST)";
				CODE_SIGN_STYLE = Automatic;
				INFOPLIST_FILE = ZHExampleTests/Info.plist;
				IPHONEOS_DEPLOYMENT_TARGET = 13.2;
				LD_RUNPATH_SEARCH_PATHS = (
					"$(inherited)",
					"@executable_path/Frameworks",
					"@loader_path/Frameworks",
				);
				PRODUCT_BUNDLE_IDENTIFIER = Zheng.ZHExampleTests;
				PRODUCT_NAME = "$(TARGET_NAME)";
				TARGETED_DEVICE_FAMILY = "1,2";
				TEST_HOST = "$(BUILT_PRODUCTS_DIR)/ZHExample.app/ZHExample";
			};
			name = Debug;
		};
		0FBE4A2E24383109006C1B08 /* Release */ = {
			isa = XCBuildConfiguration;
			buildSettings = {
				BUNDLE_LOADER = "$(TEST_HOST)";
				CODE_SIGN_STYLE = Automatic;
				INFOPLIST_FILE = ZHExampleTests/Info.plist;
				IPHONEOS_DEPLOYMENT_TARGET = 13.2;
				LD_RUNPATH_SEARCH_PATHS = (
					"$(inherited)",
					"@executable_path/Frameworks",
					"@loader_path/Frameworks",
				);
				PRODUCT_BUNDLE_IDENTIFIER = Zheng.ZHExampleTests;
				PRODUCT_NAME = "$(TARGET_NAME)";
				TARGETED_DEVICE_FAMILY = "1,2";
				TEST_HOST = "$(BUILT_PRODUCTS_DIR)/ZHExample.app/ZHExample";
			};
			name = Release;
		};
		0FBE4A3024383109006C1B08 /* Debug */ = {
			isa = XCBuildConfiguration;
			buildSettings = {
				CODE_SIGN_STYLE = Automatic;
				INFOPLIST_FILE = ZHExampleUITests/Info.plist;
				LD_RUNPATH_SEARCH_PATHS = (
					"$(inherited)",
					"@executable_path/Frameworks",
					"@loader_path/Frameworks",
				);
				PRODUCT_BUNDLE_IDENTIFIER = Zheng.ZHExampleUITests;
				PRODUCT_NAME = "$(TARGET_NAME)";
				TARGETED_DEVICE_FAMILY = "1,2";
				TEST_TARGET_NAME = ZHExample;
			};
			name = Debug;
		};
		0FBE4A3124383109006C1B08 /* Release */ = {
			isa = XCBuildConfiguration;
			buildSettings = {
				CODE_SIGN_STYLE = Automatic;
				INFOPLIST_FILE = ZHExampleUITests/Info.plist;
				LD_RUNPATH_SEARCH_PATHS = (
					"$(inherited)",
					"@executable_path/Frameworks",
					"@loader_path/Frameworks",
				);
				PRODUCT_BUNDLE_IDENTIFIER = Zheng.ZHExampleUITests;
				PRODUCT_NAME = "$(TARGET_NAME)";
				TARGETED_DEVICE_FAMILY = "1,2";
				TEST_TARGET_NAME = ZHExample;
			};
			name = Release;
		};
/* End XCBuildConfiguration section */

/* Begin XCConfigurationList section */
		0FBE49F524383108006C1B08 /* Build configuration list for PBXProject "ZHExample" */ = {
			isa = XCConfigurationList;
			buildConfigurations = (
				0FBE4A2724383109006C1B08 /* Debug */,
				0FBE4A2824383109006C1B08 /* Release */,
			);
			defaultConfigurationIsVisible = 0;
			defaultConfigurationName = Release;
		};
		0FBE4A2924383109006C1B08 /* Build configuration list for PBXNativeTarget "ZHExample" */ = {
			isa = XCConfigurationList;
			buildConfigurations = (
				0FBE4A2A24383109006C1B08 /* Debug */,
				0FBE4A2B24383109006C1B08 /* Release */,
			);
			defaultConfigurationIsVisible = 0;
			defaultConfigurationName = Release;
		};
		0FBE4A2C24383109006C1B08 /* Build configuration list for PBXNativeTarget "ZHExampleTests" */ = {
			isa = XCConfigurationList;
			buildConfigurations = (
				0FBE4A2D24383109006C1B08 /* Debug */,
				0FBE4A2E24383109006C1B08 /* Release */,
			);
			defaultConfigurationIsVisible = 0;
			defaultConfigurationName = Release;
		};
		0FBE4A2F24383109006C1B08 /* Build configuration list for PBXNativeTarget "ZHExampleUITests" */ = {
			isa = XCConfigurationList;
			buildConfigurations = (
				0FBE4A3024383109006C1B08 /* Debug */,
				0FBE4A3124383109006C1B08 /* Release */,
			);
			defaultConfigurationIsVisible = 0;
			defaultConfigurationName = Release;
		};
/* End XCConfigurationList section */
	};
	rootObject = 0FBE49F224383108006C1B08 /* Project object */;
}
